// !$*UTF8*$!
{
	archiveVersion = 1;
	classes = {
	};
	objectVersion = 55;
	objects = {

/* Begin PBXBuildFile section */
		49595C5627D0E73D009A93D0 /* style.html in Resources */ = {isa = PBXBuildFile; fileRef = 49595C5427D0E73D009A93D0 /* style.html */; };
		49595C5727D0E73D009A93D0 /* data.json in Resources */ = {isa = PBXBuildFile; fileRef = 49595C5527D0E73D009A93D0 /* data.json */; };
		49595C5927D4C43E009A93D0 /* Models.swift in Sources */ = {isa = PBXBuildFile; fileRef = 49595C5827D4C43E009A93D0 /* Models.swift */; };
		49DC4F1B27BE6CBB00F32753 /* my_learning_app.swift in Sources */ = {isa = PBXBuildFile; fileRef = 49DC4F1A27BE6CBB00F32753 /* my_learning_app.swift */; };
		49DC4F1D27BE6CBB00F32753 /* HomeView.swift in Sources */ = {isa = PBXBuildFile; fileRef = 49DC4F1C27BE6CBB00F32753 /* HomeView.swift */; };
		49DC4F1F27BE6CBC00F32753 /* Assets.xcassets in Resources */ = {isa = PBXBuildFile; fileRef = 49DC4F1E27BE6CBC00F32753 /* Assets.xcassets */; };
		49DC4F2227BE6CBC00F32753 /* Preview Assets.xcassets in Resources */ = {isa = PBXBuildFile; fileRef = 49DC4F2127BE6CBC00F32753 /* Preview Assets.xcassets */; };
		49DC4F2E27BE6DFC00F32753 /* ContentModel.swift in Sources */ = {isa = PBXBuildFile; fileRef = 49DC4F2D27BE6DFC00F32753 /* ContentModel.swift */; };
		49EC526A27D4DAB700E5CA03 /* HomeViewRow.swift in Sources */ = {isa = PBXBuildFile; fileRef = 49EC526927D4DAB700E5CA03 /* HomeViewRow.swift */; };
		49EC526C27D4E69900E5CA03 /* ContentView.swift in Sources */ = {isa = PBXBuildFile; fileRef = 49EC526B27D4E69900E5CA03 /* ContentView.swift */; };
		49EC526E27D4ECF100E5CA03 /* ContentViewRow.swift in Sources */ = {isa = PBXBuildFile; fileRef = 49EC526D27D4ECF100E5CA03 /* ContentViewRow.swift */; };
		49EC527027D7053B00E5CA03 /* ContentDetailView.swift in Sources */ = {isa = PBXBuildFile; fileRef = 49EC526F27D7053B00E5CA03 /* ContentDetailView.swift */; };
		49EC527327D7071A00E5CA03 /* AVKit.framework in Frameworks */ = {isa = PBXBuildFile; fileRef = 49EC527227D7071A00E5CA03 /* AVKit.framework */; };
		49EC527527D708C700E5CA03 /* Constants.swift in Sources */ = {isa = PBXBuildFile; fileRef = 49EC527427D708C700E5CA03 /* Constants.swift */; };
/* End PBXBuildFile section */

/* Begin PBXFileReference section */
		49595C5427D0E73D009A93D0 /* style.html */ = {isa = PBXFileReference; fileEncoding = 4; lastKnownFileType = text.html; path = style.html; sourceTree = "<group>"; };
		49595C5527D0E73D009A93D0 /* data.json */ = {isa = PBXFileReference; fileEncoding = 4; lastKnownFileType = text.json; path = data.json; sourceTree = "<group>"; };
		49595C5827D4C43E009A93D0 /* Models.swift */ = {isa = PBXFileReference; lastKnownFileType = sourcecode.swift; path = Models.swift; sourceTree = "<group>"; };
		49DC4F1727BE6CBB00F32753 /* my-learning-app.app */ = {isa = PBXFileReference; explicitFileType = wrapper.application; includeInIndex = 0; path = "my-learning-app.app"; sourceTree = BUILT_PRODUCTS_DIR; };
		49DC4F1A27BE6CBB00F32753 /* my_learning_app.swift */ = {isa = PBXFileReference; lastKnownFileType = sourcecode.swift; path = my_learning_app.swift; sourceTree = "<group>"; };
		49DC4F1C27BE6CBB00F32753 /* HomeView.swift */ = {isa = PBXFileReference; lastKnownFileType = sourcecode.swift; path = HomeView.swift; sourceTree = "<group>"; };
		49DC4F1E27BE6CBC00F32753 /* Assets.xcassets */ = {isa = PBXFileReference; lastKnownFileType = folder.assetcatalog; path = Assets.xcassets; sourceTree = "<group>"; };
		49DC4F2127BE6CBC00F32753 /* Preview Assets.xcassets */ = {isa = PBXFileReference; lastKnownFileType = folder.assetcatalog; path = "Preview Assets.xcassets"; sourceTree = "<group>"; };
		49DC4F2D27BE6DFC00F32753 /* ContentModel.swift */ = {isa = PBXFileReference; lastKnownFileType = sourcecode.swift; path = ContentModel.swift; sourceTree = "<group>"; };
		49EC526927D4DAB700E5CA03 /* HomeViewRow.swift */ = {isa = PBXFileReference; lastKnownFileType = sourcecode.swift; path = HomeViewRow.swift; sourceTree = "<group>"; };
		49EC526B27D4E69900E5CA03 /* ContentView.swift */ = {isa = PBXFileReference; lastKnownFileType = sourcecode.swift; path = ContentView.swift; sourceTree = "<group>"; };
		49EC526D27D4ECF100E5CA03 /* ContentViewRow.swift */ = {isa = PBXFileReference; lastKnownFileType = sourcecode.swift; path = ContentViewRow.swift; sourceTree = "<group>"; };
		49EC526F27D7053B00E5CA03 /* ContentDetailView.swift */ = {isa = PBXFileReference; lastKnownFileType = sourcecode.swift; path = ContentDetailView.swift; sourceTree = "<group>"; };
		49EC527227D7071A00E5CA03 /* AVKit.framework */ = {isa = PBXFileReference; lastKnownFileType = wrapper.framework; name = AVKit.framework; path = System/Library/Frameworks/AVKit.framework; sourceTree = SDKROOT; };
		49EC527427D708C700E5CA03 /* Constants.swift */ = {isa = PBXFileReference; lastKnownFileType = sourcecode.swift; path = Constants.swift; sourceTree = "<group>"; };
/* End PBXFileReference section */

/* Begin PBXFrameworksBuildPhase section */
		49DC4F1427BE6CBB00F32753 /* Frameworks */ = {
			isa = PBXFrameworksBuildPhase;
			buildActionMask = 2147483647;
			files = (
				49EC527327D7071A00E5CA03 /* AVKit.framework in Frameworks */,
			);
			runOnlyForDeploymentPostprocessing = 0;
		};
/* End PBXFrameworksBuildPhase section */

/* Begin PBXGroup section */
		49DC4F0E27BE6CBB00F32753 = {
			isa = PBXGroup;
			children = (
				49DC4F1927BE6CBB00F32753 /* my-learning-app */,
				49DC4F1827BE6CBB00F32753 /* Products */,
				49EC527127D7071A00E5CA03 /* Frameworks */,
			);
			sourceTree = "<group>";
		};
		49DC4F1827BE6CBB00F32753 /* Products */ = {
			isa = PBXGroup;
			children = (
				49DC4F1727BE6CBB00F32753 /* my-learning-app.app */,
			);
			name = Products;
			sourceTree = "<group>";
		};
		49DC4F1927BE6CBB00F32753 /* my-learning-app */ = {
			isa = PBXGroup;
			children = (
				49DC4F1A27BE6CBB00F32753 /* my_learning_app.swift */,
				49DC4F2C27BE6DA900F32753 /* Helpers */,
				49DC4F2B27BE6D9E00F32753 /* Resources */,
				49DC4F2A27BE6D9900F32753 /* Models */,
				49DC4F2927BE6D9400F32753 /* ViewModels */,
				49DC4F2827BE6D9000F32753 /* Views */,
				49DC4F1E27BE6CBC00F32753 /* Assets.xcassets */,
				49DC4F2027BE6CBC00F32753 /* Preview Content */,
			);
			path = "my-learning-app";
			sourceTree = "<group>";
		};
		49DC4F2027BE6CBC00F32753 /* Preview Content */ = {
			isa = PBXGroup;
			children = (
				49DC4F2127BE6CBC00F32753 /* Preview Assets.xcassets */,
			);
			path = "Preview Content";
			sourceTree = "<group>";
		};
		49DC4F2827BE6D9000F32753 /* Views */ = {
			isa = PBXGroup;
			children = (
				49DC4F1C27BE6CBB00F32753 /* HomeView.swift */,
				49EC526927D4DAB700E5CA03 /* HomeViewRow.swift */,
				49EC526B27D4E69900E5CA03 /* ContentView.swift */,
				49EC526D27D4ECF100E5CA03 /* ContentViewRow.swift */,
				49EC526F27D7053B00E5CA03 /* ContentDetailView.swift */,
			);
			path = Views;
			sourceTree = "<group>";
		};
		49DC4F2927BE6D9400F32753 /* ViewModels */ = {
			isa = PBXGroup;
			children = (
				49DC4F2D27BE6DFC00F32753 /* ContentModel.swift */,
			);
			path = ViewModels;
			sourceTree = "<group>";
		};
		49DC4F2A27BE6D9900F32753 /* Models */ = {
			isa = PBXGroup;
			children = (
				49595C5827D4C43E009A93D0 /* Models.swift */,
			);
			path = Models;
			sourceTree = "<group>";
		};
		49DC4F2B27BE6D9E00F32753 /* Resources */ = {
			isa = PBXGroup;
			children = (
				49595C5527D0E73D009A93D0 /* data.json */,
				49595C5427D0E73D009A93D0 /* style.html */,
				49EC527427D708C700E5CA03 /* Constants.swift */,
			);
			path = Resources;
			sourceTree = "<group>";
		};
		49DC4F2C27BE6DA900F32753 /* Helpers */ = {
			isa = PBXGroup;
			children = (
			);
			path = Helpers;
			sourceTree = "<group>";
		};
		49EC527127D7071A00E5CA03 /* Frameworks */ = {
			isa = PBXGroup;
			children = (
				49EC527227D7071A00E5CA03 /* AVKit.framework */,
			);
			name = Frameworks;
			sourceTree = "<group>";
		};
/* End PBXGroup section */

/* Begin PBXNativeTarget section */
		49DC4F1627BE6CBB00F32753 /* my-learning-app */ = {
			isa = PBXNativeTarget;
			buildConfigurationList = 49DC4F2527BE6CBC00F32753 /* Build configuration list for PBXNativeTarget "my-learning-app" */;
			buildPhases = (
				49DC4F1327BE6CBB00F32753 /* Sources */,
				49DC4F1427BE6CBB00F32753 /* Frameworks */,
				49DC4F1527BE6CBB00F32753 /* Resources */,
			);
			buildRules = (
			);
			dependencies = (
			);
			name = "my-learning-app";
			productName = "my-learning-app";
			productReference = 49DC4F1727BE6CBB00F32753 /* my-learning-app.app */;
			productType = "com.apple.product-type.application";
		};
/* End PBXNativeTarget section */

/* Begin PBXProject section */
		49DC4F0F27BE6CBB00F32753 /* Project object */ = {
			isa = PBXProject;
			attributes = {
				BuildIndependentTargetsInParallel = 1;
				LastSwiftUpdateCheck = 1320;
				LastUpgradeCheck = 1320;
				TargetAttributes = {
					49DC4F1627BE6CBB00F32753 = {
						CreatedOnToolsVersion = 13.2.1;
					};
				};
			};
			buildConfigurationList = 49DC4F1227BE6CBB00F32753 /* Build configuration list for PBXProject "my-learning-app" */;
			compatibilityVersion = "Xcode 13.0";
			developmentRegion = en;
			hasScannedForEncodings = 0;
			knownRegions = (
				en,
				Base,
			);
			mainGroup = 49DC4F0E27BE6CBB00F32753;
			productRefGroup = 49DC4F1827BE6CBB00F32753 /* Products */;
			projectDirPath = "";
			projectRoot = "";
			targets = (
				49DC4F1627BE6CBB00F32753 /* my-learning-app */,
			);
		};
/* End PBXProject section */

/* Begin PBXResourcesBuildPhase section */
		49DC4F1527BE6CBB00F32753 /* Resources */ = {
			isa = PBXResourcesBuildPhase;
			buildActionMask = 2147483647;
			files = (
				49595C5627D0E73D009A93D0 /* style.html in Resources */,
				49DC4F2227BE6CBC00F32753 /* Preview Assets.xcassets in Resources */,
				49DC4F1F27BE6CBC00F32753 /* Assets.xcassets in Resources */,
				49595C5727D0E73D009A93D0 /* data.json in Resources */,
			);
			runOnlyForDeploymentPostprocessing = 0;
		};
/* End PBXResourcesBuildPhase section */

/* Begin PBXSourcesBuildPhase section */
		49DC4F1327BE6CBB00F32753 /* Sources */ = {
			isa = PBXSourcesBuildPhase;
			buildActionMask = 2147483647;
			files = (
				49DC4F1D27BE6CBB00F32753 /* HomeView.swift in Sources */,
				49EC526A27D4DAB700E5CA03 /* HomeViewRow.swift in Sources */,
				49EC526C27D4E69900E5CA03 /* ContentView.swift in Sources */,
				49EC527027D7053B00E5CA03 /* ContentDetailView.swift in Sources */,
				49DC4F1B27BE6CBB00F32753 /* my_learning_app.swift in Sources */,
				49EC526E27D4ECF100E5CA03 /* ContentViewRow.swift in Sources */,
				49DC4F2E27BE6DFC00F32753 /* ContentModel.swift in Sources */,
				49595C5927D4C43E009A93D0 /* Models.swift in Sources */,
				49EC527527D708C700E5CA03 /* Constants.swift in Sources */,
			);
			runOnlyForDeploymentPostprocessing = 0;
		};
/* End PBXSourcesBuildPhase section */

/* Begin XCBuildConfiguration section */
		49DC4F2327BE6CBC00F32753 /* Debug */ = {
			isa = XCBuildConfiguration;
			buildSettings = {
				ALWAYS_SEARCH_USER_PATHS = NO;
				CLANG_ANALYZER_NONNULL = YES;
				CLANG_ANALYZER_NUMBER_OBJECT_CONVERSION = YES_AGGRESSIVE;
				CLANG_CXX_LANGUAGE_STANDARD = "gnu++17";
				CLANG_CXX_LIBRARY = "libc++";
				CLANG_ENABLE_MODULES = YES;
				CLANG_ENABLE_OBJC_ARC = YES;
				CLANG_ENABLE_OBJC_WEAK = YES;
				CLANG_WARN_BLOCK_CAPTURE_AUTORELEASING = YES;
				CLANG_WARN_BOOL_CONVERSION = YES;
				CLANG_WARN_COMMA = YES;
				CLANG_WARN_CONSTANT_CONVERSION = YES;
				CLANG_WARN_DEPRECATED_OBJC_IMPLEMENTATIONS = YES;
				CLANG_WARN_DIRECT_OBJC_ISA_USAGE = YES_ERROR;
				CLANG_WARN_DOCUMENTATION_COMMENTS = YES;
				CLANG_WARN_EMPTY_BODY = YES;
				CLANG_WARN_ENUM_CONVERSION = YES;
				CLANG_WARN_INFINITE_RECURSION = YES;
				CLANG_WARN_INT_CONVERSION = YES;
				CLANG_WARN_NON_LITERAL_NULL_CONVERSION = YES;
				CLANG_WARN_OBJC_IMPLICIT_RETAIN_SELF = YES;
				CLANG_WARN_OBJC_LITERAL_CONVERSION = YES;
				CLANG_WARN_OBJC_ROOT_CLASS = YES_ERROR;
				CLANG_WARN_QUOTED_INCLUDE_IN_FRAMEWORK_HEADER = YES;
				CLANG_WARN_RANGE_LOOP_ANALYSIS = YES;
				CLANG_WARN_STRICT_PROTOTYPES = YES;
				CLANG_WARN_SUSPICIOUS_MOVE = YES;
				CLANG_WARN_UNGUARDED_AVAILABILITY = YES_AGGRESSIVE;
				CLANG_WARN_UNREACHABLE_CODE = YES;
				CLANG_WARN__DUPLICATE_METHOD_MATCH = YES;
				COPY_PHASE_STRIP = NO;
				DEBUG_INFORMATION_FORMAT = dwarf;
				ENABLE_STRICT_OBJC_MSGSEND = YES;
				ENABLE_TESTABILITY = YES;
				GCC_C_LANGUAGE_STANDARD = gnu11;
				GCC_DYNAMIC_NO_PIC = NO;
				GCC_NO_COMMON_BLOCKS = YES;
				GCC_OPTIMIZATION_LEVEL = 0;
				GCC_PREPROCESSOR_DEFINITIONS = (
					"DEBUG=1",
					"$(inherited)",
				);
				GCC_WARN_64_TO_32_BIT_CONVERSION = YES;
				GCC_WARN_ABOUT_RETURN_TYPE = YES_ERROR;
				GCC_WARN_UNDECLARED_SELECTOR = YES;
				GCC_WARN_UNINITIALIZED_AUTOS = YES_AGGRESSIVE;
				GCC_WARN_UNUSED_FUNCTION = YES;
				GCC_WARN_UNUSED_VARIABLE = YES;
				IPHONEOS_DEPLOYMENT_TARGET = 15.2;
				MTL_ENABLE_DEBUG_INFO = INCLUDE_SOURCE;
				MTL_FAST_MATH = YES;
				ONLY_ACTIVE_ARCH = YES;
				SDKROOT = iphoneos;
				SWIFT_ACTIVE_COMPILATION_CONDITIONS = DEBUG;
				SWIFT_OPTIMIZATION_LEVEL = "-Onone";
			};
			name = Debug;
		};
		49DC4F2427BE6CBC00F32753 /* Release */ = {
			isa = XCBuildConfiguration;
			buildSettings = {
				ALWAYS_SEARCH_USER_PATHS = NO;
				CLANG_ANALYZER_NONNULL = YES;
				CLANG_ANALYZER_NUMBER_OBJECT_CONVERSION = YES_AGGRESSIVE;
				CLANG_CXX_LANGUAGE_STANDARD = "gnu++17";
				CLANG_CXX_LIBRARY = "libc++";
				CLANG_ENABLE_MODULES = YES;
				CLANG_ENABLE_OBJC_ARC = YES;
				CLANG_ENABLE_OBJC_WEAK = YES;
				CLANG_WARN_BLOCK_CAPTURE_AUTORELEASING = YES;
				CLANG_WARN_BOOL_CONVERSION = YES;
				CLANG_WARN_COMMA = YES;
				CLANG_WARN_CONSTANT_CONVERSION = YES;
				CLANG_WARN_DEPRECATED_OBJC_IMPLEMENTATIONS = YES;
				CLANG_WARN_DIRECT_OBJC_ISA_USAGE = YES_ERROR;
				CLANG_WARN_DOCUMENTATION_COMMENTS = YES;
				CLANG_WARN_EMPTY_BODY = YES;
				CLANG_WARN_ENUM_CONVERSION = YES;
				CLANG_WARN_INFINITE_RECURSION = YES;
				CLANG_WARN_INT_CONVERSION = YES;
				CLANG_WARN_NON_LITERAL_NULL_CONVERSION = YES;
				CLANG_WARN_OBJC_IMPLICIT_RETAIN_SELF = YES;
				CLANG_WARN_OBJC_LITERAL_CONVERSION = YES;
				CLANG_WARN_OBJC_ROOT_CLASS = YES_ERROR;
				CLANG_WARN_QUOTED_INCLUDE_IN_FRAMEWORK_HEADER = YES;
				CLANG_WARN_RANGE_LOOP_ANALYSIS = YES;
				CLANG_WARN_STRICT_PROTOTYPES = YES;
				CLANG_WARN_SUSPICIOUS_MOVE = YES;
				CLANG_WARN_UNGUARDED_AVAILABILITY = YES_AGGRESSIVE;
				CLANG_WARN_UNREACHABLE_CODE = YES;
				CLANG_WARN__DUPLICATE_METHOD_MATCH = YES;
				COPY_PHASE_STRIP = NO;
				DEBUG_INFORMATION_FORMAT = "dwarf-with-dsym";
				ENABLE_NS_ASSERTIONS = NO;
				ENABLE_STRICT_OBJC_MSGSEND = YES;
				GCC_C_LANGUAGE_STANDARD = gnu11;
				GCC_NO_COMMON_BLOCKS = YES;
				GCC_WARN_64_TO_32_BIT_CONVERSION = YES;
				GCC_WARN_ABOUT_RETURN_TYPE = YES_ERROR;
				GCC_WARN_UNDECLARED_SELECTOR = YES;
				GCC_WARN_UNINITIALIZED_AUTOS = YES_AGGRESSIVE;
				GCC_WARN_UNUSED_FUNCTION = YES;
				GCC_WARN_UNUSED_VARIABLE = YES;
				IPHONEOS_DEPLOYMENT_TARGET = 15.2;
				MTL_ENABLE_DEBUG_INFO = NO;
				MTL_FAST_MATH = YES;
				SDKROOT = iphoneos;
				SWIFT_COMPILATION_MODE = wholemodule;
				SWIFT_OPTIMIZATION_LEVEL = "-O";
				VALIDATE_PRODUCT = YES;
			};
			name = Release;
		};
		49DC4F2627BE6CBC00F32753 /* Debug */ = {
			isa = XCBuildConfiguration;
			buildSettings = {
				ASSETCATALOG_COMPILER_APPICON_NAME = AppIcon;
				ASSETCATALOG_COMPILER_GLOBAL_ACCENT_COLOR_NAME = AccentColor;
				CODE_SIGN_STYLE = Automatic;
				CURRENT_PROJECT_VERSION = 1;
				DEVELOPMENT_ASSET_PATHS = "\"my-learning-app/Preview Content\"";
				DEVELOPMENT_TEAM = X726R6A26M;
				ENABLE_PREVIEWS = YES;
				GENERATE_INFOPLIST_FILE = YES;
				INFOPLIST_KEY_UIApplicationSceneManifest_Generation = YES;
				INFOPLIST_KEY_UIApplicationSupportsIndirectInputEvents = YES;
				INFOPLIST_KEY_UILaunchScreen_Generation = YES;
				INFOPLIST_KEY_UISupportedInterfaceOrientations_iPad = "UIInterfaceOrientationPortrait UIInterfaceOrientationPortraitUpsideDown UIInterfaceOrientationLandscapeLeft UIInterfaceOrientationLandscapeRight";
				INFOPLIST_KEY_UISupportedInterfaceOrientations_iPhone = "UIInterfaceOrientationPortrait UIInterfaceOrientationLandscapeLeft UIInterfaceOrientationLandscapeRight";
				LD_RUNPATH_SEARCH_PATHS = (
					"$(inherited)",
					"@executable_path/Frameworks",
				);
				MARKETING_VERSION = 1.0;
				PRODUCT_BUNDLE_IDENTIFIER = "kr.ac.kumoh.s20191255.my-learning-app";
				PRODUCT_NAME = "$(TARGET_NAME)";
				SWIFT_EMIT_LOC_STRINGS = YES;
				SWIFT_VERSION = 5.0;
				TARGETED_DEVICE_FAMILY = "1,2";
			};
			name = Debug;
		};
		49DC4F2727BE6CBC00F32753 /* Release */ = {
			isa = XCBuildConfiguration;
			buildSettings = {
				ASSETCATALOG_COMPILER_APPICON_NAME = AppIcon;
				ASSETCATALOG_COMPILER_GLOBAL_ACCENT_COLOR_NAME = AccentColor;
				CODE_SIGN_STYLE = Automatic;
				CURRENT_PROJECT_VERSION = 1;
				DEVELOPMENT_ASSET_PATHS = "\"my-learning-app/Preview Content\"";
				DEVELOPMENT_TEAM = X726R6A26M;
				ENABLE_PREVIEWS = YES;
				GENERATE_INFOPLIST_FILE = YES;
				INFOPLIST_KEY_UIApplicationSceneManifest_Generation = YES;
				INFOPLIST_KEY_UIApplicationSupportsIndirectInputEvents = YES;
				INFOPLIST_KEY_UILaunchScreen_Generation = YES;
				INFOPLIST_KEY_UISupportedInterfaceOrientations_iPad = "UIInterfaceOrientationPortrait UIInterfaceOrientationPortraitUpsideDown UIInterfaceOrientationLandscapeLeft UIInterfaceOrientationLandscapeRight";
				INFOPLIST_KEY_UISupportedInterfaceOrientations_iPhone = "UIInterfaceOrientationPortrait UIInterfaceOrientationLandscapeLeft UIInterfaceOrientationLandscapeRight";
				LD_RUNPATH_SEARCH_PATHS = (
					"$(inherited)",
					"@executable_path/Frameworks",
				);
				MARKETING_VERSION = 1.0;
				PRODUCT_BUNDLE_IDENTIFIER = "kr.ac.kumoh.s20191255.my-learning-app";
				PRODUCT_NAME = "$(TARGET_NAME)";
				SWIFT_EMIT_LOC_STRINGS = YES;
				SWIFT_VERSION = 5.0;
				TARGETED_DEVICE_FAMILY = "1,2";
			};
			name = Release;
		};
/* End XCBuildConfiguration section */

/* Begin XCConfigurationList section */
		49DC4F1227BE6CBB00F32753 /* Build configuration list for PBXProject "my-learning-app" */ = {
			isa = XCConfigurationList;
			buildConfigurations = (
				49DC4F2327BE6CBC00F32753 /* Debug */,
				49DC4F2427BE6CBC00F32753 /* Release */,
			);
			defaultConfigurationIsVisible = 0;
			defaultConfigurationName = Release;
		};
		49DC4F2527BE6CBC00F32753 /* Build configuration list for PBXNativeTarget "my-learning-app" */ = {
			isa = XCConfigurationList;
			buildConfigurations = (
				49DC4F2627BE6CBC00F32753 /* Debug */,
				49DC4F2727BE6CBC00F32753 /* Release */,
			);
			defaultConfigurationIsVisible = 0;
			defaultConfigurationName = Release;
		};
/* End XCConfigurationList section */
	};
	rootObject = 49DC4F0F27BE6CBB00F32753 /* Project object */;
}
